
Microsoft Visual Studio Solution File, Format Version 12.00
# Visual Studio Version 16
VisualStudioVersion = 16.0.31702.278
MinimumVisualStudioVersion = 10.0.40219.1
Project("{FAE04EC0-301F-11D3-BF4B-00C04F79EFBC}") = "Addressbookuc6", "Addressbookuc6.csproj", "{A2B64C40-3FAD-4C1F-95BB-F7B63B544D68}"
EndProject
Global
	GlobalSection(SolutionConfigurationPlatforms) = preSolution
		Debug|Any CPU = Debug|Any CPU
		Release|Any CPU = Release|Any CPU
	EndGlobalSection
	GlobalSection(ProjectConfigurationPlatforms) = postSolution
		{A2B64C40-3FAD-4C1F-95BB-F7B63B544D68}.Debug|Any CPU.ActiveCfg = Debug|Any CPU
		{A2B64C40-3FAD-4C1F-95BB-F7B63B544D68}.Debug|Any CPU.Build.0 = Debug|Any CPU
		{A2B64C40-3FAD-4C1F-95BB-F7B63B544D68}.Release|Any CPU.ActiveCfg = Release|Any CPU
		{A2B64C40-3FAD-4C1F-95BB-F7B63B544D68}.Release|Any CPU.Build.0 = Release|Any CPU
	EndGlobalSection
	GlobalSection(SolutionProperties) = preSolution
		HideSolutionNode = FALSE
	EndGlobalSection
	GlobalSection(ExtensibilityGlobals) = postSolution
		SolutionGuid = {3F4502B7-0446-4111-9193-2E47041C738F}
	EndGlobalSection
EndGlobal
