
Microsoft Visual Studio Solution File, Format Version 12.00
# Visual Studio Version 16
VisualStudioVersion = 16.0.31702.278
MinimumVisualStudioVersion = 10.0.40219.1
Project("{FAE04EC0-301F-11D3-BF4B-00C04F79EFBC}") = "AddressBook6", "AddressBook6.csproj", "{5BDEBFAD-C0F7-4384-96FE-CBD2127CAD94}"
EndProject
Global
	GlobalSection(SolutionConfigurationPlatforms) = preSolution
		Debug|Any CPU = Debug|Any CPU
		Release|Any CPU = Release|Any CPU
	EndGlobalSection
	GlobalSection(ProjectConfigurationPlatforms) = postSolution
		{5BDEBFAD-C0F7-4384-96FE-CBD2127CAD94}.Debug|Any CPU.ActiveCfg = Debug|Any CPU
		{5BDEBFAD-C0F7-4384-96FE-CBD2127CAD94}.Debug|Any CPU.Build.0 = Debug|Any CPU
		{5BDEBFAD-C0F7-4384-96FE-CBD2127CAD94}.Release|Any CPU.ActiveCfg = Release|Any CPU
		{5BDEBFAD-C0F7-4384-96FE-CBD2127CAD94}.Release|Any CPU.Build.0 = Release|Any CPU
	EndGlobalSection
	GlobalSection(SolutionProperties) = preSolution
		HideSolutionNode = FALSE
	EndGlobalSection
	GlobalSection(ExtensibilityGlobals) = postSolution
		SolutionGuid = {3E9486F6-D586-4EAE-BC39-2700A7083B53}
	EndGlobalSection
EndGlobal
